
Microsoft Visual Studio Solution File, Format Version 12.00
# Visual Studio Version 17
VisualStudioVersion = 17.6.33829.357
MinimumVisualStudioVersion = 10.0.40219.1
Project("{9A19103F-16F7-4668-BE54-9A1E7A4F7556}") = "RestaurantReservation", "RestaurantReservation\RestaurantReservation.csproj", "{C2950630-500C-4A12-96BD-00933474A058}"
EndProject
Project("{9A19103F-16F7-4668-BE54-9A1E7A4F7556}") = "BusinessLogicLayer", "BusinessLogicLayer\BusinessLogicLayer.csproj", "{75E34BDC-D105-449E-9CBC-B34846EC160E}"
EndProject
Project("{FAE04EC0-301F-11D3-BF4B-00C04F79EFBC}") = "DAL", "DAL\DAL.csproj", "{05D520C4-E33A-4CBF-82BB-C2F3882FB523}"
EndProject
Global
	GlobalSection(SolutionConfigurationPlatforms) = preSolution
		Debug|Any CPU = Debug|Any CPU
		Release|Any CPU = Release|Any CPU
	EndGlobalSection
	GlobalSection(ProjectConfigurationPlatforms) = postSolution
		{C2950630-500C-4A12-96BD-00933474A058}.Debug|Any CPU.ActiveCfg = Debug|Any CPU
		{C2950630-500C-4A12-96BD-00933474A058}.Debug|Any CPU.Build.0 = Debug|Any CPU
		{C2950630-500C-4A12-96BD-00933474A058}.Release|Any CPU.ActiveCfg = Release|Any CPU
		{C2950630-500C-4A12-96BD-00933474A058}.Release|Any CPU.Build.0 = Release|Any CPU
		{75E34BDC-D105-449E-9CBC-B34846EC160E}.Debug|Any CPU.ActiveCfg = Debug|Any CPU
		{75E34BDC-D105-449E-9CBC-B34846EC160E}.Debug|Any CPU.Build.0 = Debug|Any CPU
		{75E34BDC-D105-449E-9CBC-B34846EC160E}.Release|Any CPU.ActiveCfg = Release|Any CPU
		{75E34BDC-D105-449E-9CBC-B34846EC160E}.Release|Any CPU.Build.0 = Release|Any CPU
		{05D520C4-E33A-4CBF-82BB-C2F3882FB523}.Debug|Any CPU.ActiveCfg = Debug|Any CPU
		{05D520C4-E33A-4CBF-82BB-C2F3882FB523}.Debug|Any CPU.Build.0 = Debug|Any CPU
		{05D520C4-E33A-4CBF-82BB-C2F3882FB523}.Release|Any CPU.ActiveCfg = Release|Any CPU
		{05D520C4-E33A-4CBF-82BB-C2F3882FB523}.Release|Any CPU.Build.0 = Release|Any CPU
	EndGlobalSection
	GlobalSection(SolutionProperties) = preSolution
		HideSolutionNode = FALSE
	EndGlobalSection
	GlobalSection(ExtensibilityGlobals) = postSolution
		SolutionGuid = {85AE9460-B89C-4800-BCF7-49ACDF29A694}
	EndGlobalSection
EndGlobal
